
Microsoft Visual Studio Solution File, Format Version 12.00
# Visual Studio Version 17
VisualStudioVersion = 17.1.32210.238
MinimumVisualStudioVersion = 10.0.40219.1
Project("{FAE04EC0-301F-11D3-BF4B-00C04F79EFBC}") = "RunShoppingClient", "RunShoppingClient\RunShoppingClient.csproj", "{C4A4107C-00B2-483D-8D60-0E631FB306A2}"
EndProject
Global
	GlobalSection(SolutionConfigurationPlatforms) = preSolution
		Debug|Any CPU = Debug|Any CPU
		Release|Any CPU = Release|Any CPU
	EndGlobalSection
	GlobalSection(ProjectConfigurationPlatforms) = postSolution
		{C4A4107C-00B2-483D-8D60-0E631FB306A2}.Debug|Any CPU.ActiveCfg = Debug|Any CPU
		{C4A4107C-00B2-483D-8D60-0E631FB306A2}.Debug|Any CPU.Build.0 = Debug|Any CPU
		{C4A4107C-00B2-483D-8D60-0E631FB306A2}.Release|Any CPU.ActiveCfg = Release|Any CPU
		{C4A4107C-00B2-483D-8D60-0E631FB306A2}.Release|Any CPU.Build.0 = Release|Any CPU
	EndGlobalSection
	GlobalSection(SolutionProperties) = preSolution
		HideSolutionNode = FALSE
	EndGlobalSection
	GlobalSection(ExtensibilityGlobals) = postSolution
		SolutionGuid = {1B24F744-3521-4F12-827F-3D75751D91EB}
	EndGlobalSection
EndGlobal
